
Microsoft Visual Studio Solution File, Format Version 12.00
Project("{FAE04EC0-301F-11D3-BF4B-00C04F79EFBC}") = "CreditCardGlobalTransfer", "CreditCardGlobalTransfer.csproj", "{68973099-ACAC-4B3B-BBAC-4F0D6EDD3A5E}"
EndProject
Project("{FAE04EC0-301F-11D3-BF4B-00C04F79EFBC}") = "Domain", "Domain\Domain.csproj", "{C81296EA-9782-4B6B-B0CF-6120B49B1DD3}"
EndProject
Project("{FAE04EC0-301F-11D3-BF4B-00C04F79EFBC}") = "Tests", "Tests\Tests.csproj", "{B022416B-5FEC-4814-8139-491E90E70FE1}"
EndProject
Global
	GlobalSection(SolutionConfigurationPlatforms) = preSolution
		Debug|Any CPU = Debug|Any CPU
		Release|Any CPU = Release|Any CPU
	EndGlobalSection
	GlobalSection(ProjectConfigurationPlatforms) = postSolution
		{68973099-ACAC-4B3B-BBAC-4F0D6EDD3A5E}.Debug|Any CPU.ActiveCfg = Debug|Any CPU
		{68973099-ACAC-4B3B-BBAC-4F0D6EDD3A5E}.Debug|Any CPU.Build.0 = Debug|Any CPU
		{68973099-ACAC-4B3B-BBAC-4F0D6EDD3A5E}.Release|Any CPU.ActiveCfg = Release|Any CPU
		{68973099-ACAC-4B3B-BBAC-4F0D6EDD3A5E}.Release|Any CPU.Build.0 = Release|Any CPU
		{C81296EA-9782-4B6B-B0CF-6120B49B1DD3}.Debug|Any CPU.ActiveCfg = Debug|Any CPU
		{C81296EA-9782-4B6B-B0CF-6120B49B1DD3}.Debug|Any CPU.Build.0 = Debug|Any CPU
		{C81296EA-9782-4B6B-B0CF-6120B49B1DD3}.Release|Any CPU.ActiveCfg = Release|Any CPU
		{C81296EA-9782-4B6B-B0CF-6120B49B1DD3}.Release|Any CPU.Build.0 = Release|Any CPU
		{B022416B-5FEC-4814-8139-491E90E70FE1}.Debug|Any CPU.ActiveCfg = Debug|Any CPU
		{B022416B-5FEC-4814-8139-491E90E70FE1}.Debug|Any CPU.Build.0 = Debug|Any CPU
		{B022416B-5FEC-4814-8139-491E90E70FE1}.Release|Any CPU.ActiveCfg = Release|Any CPU
		{B022416B-5FEC-4814-8139-491E90E70FE1}.Release|Any CPU.Build.0 = Release|Any CPU
	EndGlobalSection
EndGlobal
